
Microsoft Visual Studio Solution File, Format Version 12.00
# Visual Studio Version 16
VisualStudioVersion = 16.0.30503.244
MinimumVisualStudioVersion = 10.0.40219.1
Project("{9A19103F-16F7-4668-BE54-9A1E7A4F7556}") = "HotChanApi", "HotChanApi\HotChanApi.csproj", "{002C3F11-04A3-4432-ABA5-4415DAD7AAB9}"
EndProject
Project("{9A19103F-16F7-4668-BE54-9A1E7A4F7556}") = "HotChanBlazorServer", "HotChanBlazorServer\HotChanBlazorServer.csproj", "{3E63B429-A497-42BC-A61F-B4596610AD18}"
EndProject
Global
	GlobalSection(SolutionConfigurationPlatforms) = preSolution
		Debug|Any CPU = Debug|Any CPU
		Debug|x64 = Debug|x64
		Release|Any CPU = Release|Any CPU
		Release|x64 = Release|x64
	EndGlobalSection
	GlobalSection(ProjectConfigurationPlatforms) = postSolution
		{002C3F11-04A3-4432-ABA5-4415DAD7AAB9}.Debug|Any CPU.ActiveCfg = Debug|Any CPU
		{002C3F11-04A3-4432-ABA5-4415DAD7AAB9}.Debug|Any CPU.Build.0 = Debug|Any CPU
		{002C3F11-04A3-4432-ABA5-4415DAD7AAB9}.Debug|x64.ActiveCfg = Debug|Any CPU
		{002C3F11-04A3-4432-ABA5-4415DAD7AAB9}.Debug|x64.Build.0 = Debug|Any CPU
		{002C3F11-04A3-4432-ABA5-4415DAD7AAB9}.Release|Any CPU.ActiveCfg = Release|Any CPU
		{002C3F11-04A3-4432-ABA5-4415DAD7AAB9}.Release|Any CPU.Build.0 = Release|Any CPU
		{002C3F11-04A3-4432-ABA5-4415DAD7AAB9}.Release|x64.ActiveCfg = Release|Any CPU
		{002C3F11-04A3-4432-ABA5-4415DAD7AAB9}.Release|x64.Build.0 = Release|Any CPU
		{3E63B429-A497-42BC-A61F-B4596610AD18}.Debug|Any CPU.ActiveCfg = Debug|Any CPU
		{3E63B429-A497-42BC-A61F-B4596610AD18}.Debug|Any CPU.Build.0 = Debug|Any CPU
		{3E63B429-A497-42BC-A61F-B4596610AD18}.Debug|x64.ActiveCfg = Debug|x64
		{3E63B429-A497-42BC-A61F-B4596610AD18}.Debug|x64.Build.0 = Debug|x64
		{3E63B429-A497-42BC-A61F-B4596610AD18}.Release|Any CPU.ActiveCfg = Release|Any CPU
		{3E63B429-A497-42BC-A61F-B4596610AD18}.Release|Any CPU.Build.0 = Release|Any CPU
		{3E63B429-A497-42BC-A61F-B4596610AD18}.Release|x64.ActiveCfg = Release|x64
		{3E63B429-A497-42BC-A61F-B4596610AD18}.Release|x64.Build.0 = Release|x64
	EndGlobalSection
	GlobalSection(SolutionProperties) = preSolution
		HideSolutionNode = FALSE
	EndGlobalSection
	GlobalSection(ExtensibilityGlobals) = postSolution
		SolutionGuid = {90592E97-B584-40D3-BFE5-089FF5FD9467}
	EndGlobalSection
EndGlobal
