
Microsoft Visual Studio Solution File, Format Version 12.00
# Visual Studio Version 17
VisualStudioVersion = 17.0.31512.422
MinimumVisualStudioVersion = 10.0.40219.1
Project("{9A19103F-16F7-4668-BE54-9A1E7A4F7556}") = "HotChan.DataBase", "HotChan.DataBase\HotChan.DataBase.csproj", "{7861B522-5F08-4DC7-ADBD-B04EBC31620C}"
EndProject
Project("{9A19103F-16F7-4668-BE54-9A1E7A4F7556}") = "HotChan.DataAccess", "HotChan.DataAccess\HotChan.DataAccess.csproj", "{EDDDF952-9557-400A-A48D-675CB6896A05}"
EndProject
Project("{9A19103F-16F7-4668-BE54-9A1E7A4F7556}") = "HotChan.Api", "HotChan.Api\HotChan.Api.csproj", "{F31F6F76-2E6E-4271-9E00-4E19A3EFCAC6}"
EndProject
Global
	GlobalSection(SolutionConfigurationPlatforms) = preSolution
		Debug|Any CPU = Debug|Any CPU
		Debug|x64 = Debug|x64
		Release|Any CPU = Release|Any CPU
		Release|x64 = Release|x64
	EndGlobalSection
	GlobalSection(ProjectConfigurationPlatforms) = postSolution
		{7861B522-5F08-4DC7-ADBD-B04EBC31620C}.Debug|Any CPU.ActiveCfg = Debug|Any CPU
		{7861B522-5F08-4DC7-ADBD-B04EBC31620C}.Debug|Any CPU.Build.0 = Debug|Any CPU
		{7861B522-5F08-4DC7-ADBD-B04EBC31620C}.Debug|x64.ActiveCfg = Debug|Any CPU
		{7861B522-5F08-4DC7-ADBD-B04EBC31620C}.Debug|x64.Build.0 = Debug|Any CPU
		{7861B522-5F08-4DC7-ADBD-B04EBC31620C}.Release|Any CPU.ActiveCfg = Release|Any CPU
		{7861B522-5F08-4DC7-ADBD-B04EBC31620C}.Release|Any CPU.Build.0 = Release|Any CPU
		{7861B522-5F08-4DC7-ADBD-B04EBC31620C}.Release|x64.ActiveCfg = Release|Any CPU
		{7861B522-5F08-4DC7-ADBD-B04EBC31620C}.Release|x64.Build.0 = Release|Any CPU
		{EDDDF952-9557-400A-A48D-675CB6896A05}.Debug|Any CPU.ActiveCfg = Debug|Any CPU
		{EDDDF952-9557-400A-A48D-675CB6896A05}.Debug|Any CPU.Build.0 = Debug|Any CPU
		{EDDDF952-9557-400A-A48D-675CB6896A05}.Debug|x64.ActiveCfg = Debug|Any CPU
		{EDDDF952-9557-400A-A48D-675CB6896A05}.Debug|x64.Build.0 = Debug|Any CPU
		{EDDDF952-9557-400A-A48D-675CB6896A05}.Release|Any CPU.ActiveCfg = Release|Any CPU
		{EDDDF952-9557-400A-A48D-675CB6896A05}.Release|Any CPU.Build.0 = Release|Any CPU
		{EDDDF952-9557-400A-A48D-675CB6896A05}.Release|x64.ActiveCfg = Release|Any CPU
		{EDDDF952-9557-400A-A48D-675CB6896A05}.Release|x64.Build.0 = Release|Any CPU
		{F31F6F76-2E6E-4271-9E00-4E19A3EFCAC6}.Debug|Any CPU.ActiveCfg = Debug|Any CPU
		{F31F6F76-2E6E-4271-9E00-4E19A3EFCAC6}.Debug|Any CPU.Build.0 = Debug|Any CPU
		{F31F6F76-2E6E-4271-9E00-4E19A3EFCAC6}.Debug|x64.ActiveCfg = Debug|Any CPU
		{F31F6F76-2E6E-4271-9E00-4E19A3EFCAC6}.Debug|x64.Build.0 = Debug|Any CPU
		{F31F6F76-2E6E-4271-9E00-4E19A3EFCAC6}.Release|Any CPU.ActiveCfg = Release|Any CPU
		{F31F6F76-2E6E-4271-9E00-4E19A3EFCAC6}.Release|Any CPU.Build.0 = Release|Any CPU
		{F31F6F76-2E6E-4271-9E00-4E19A3EFCAC6}.Release|x64.ActiveCfg = Release|Any CPU
		{F31F6F76-2E6E-4271-9E00-4E19A3EFCAC6}.Release|x64.Build.0 = Release|Any CPU
	EndGlobalSection
	GlobalSection(SolutionProperties) = preSolution
		HideSolutionNode = FALSE
	EndGlobalSection
	GlobalSection(ExtensibilityGlobals) = postSolution
		SolutionGuid = {90592E97-B584-40D3-BFE5-089FF5FD9467}
	EndGlobalSection
EndGlobal
